
Microsoft Visual Studio Solution File, Format Version 12.00
# Visual Studio Version 17
VisualStudioVersion = 17.9.34616.47
MinimumVisualStudioVersion = 10.0.40219.1
Project("{FAE04EC0-301F-11D3-BF4B-00C04F79EFBC}") = "DemoBlazorServer", "DemoBlazorServer\DemoBlazorServer.csproj", "{C2B3300E-E96B-44CD-BF54-062E416292C9}"
EndProject
Global
	GlobalSection(SolutionConfigurationPlatforms) = preSolution
		Debug|Any CPU = Debug|Any CPU
		Release|Any CPU = Release|Any CPU
	EndGlobalSection
	GlobalSection(ProjectConfigurationPlatforms) = postSolution
		{C2B3300E-E96B-44CD-BF54-062E416292C9}.Debug|Any CPU.ActiveCfg = Debug|Any CPU
		{C2B3300E-E96B-44CD-BF54-062E416292C9}.Debug|Any CPU.Build.0 = Debug|Any CPU
		{C2B3300E-E96B-44CD-BF54-062E416292C9}.Release|Any CPU.ActiveCfg = Release|Any CPU
		{C2B3300E-E96B-44CD-BF54-062E416292C9}.Release|Any CPU.Build.0 = Release|Any CPU
	EndGlobalSection
	GlobalSection(SolutionProperties) = preSolution
		HideSolutionNode = FALSE
	EndGlobalSection
	GlobalSection(ExtensibilityGlobals) = postSolution
		SolutionGuid = {146A9DC3-4099-4870-A89A-51EA470B0DBD}
	EndGlobalSection
EndGlobal
